
Microsoft Visual Studio Solution File, Format Version 12.00
# Visual Studio 15
VisualStudioVersion = 15.0.27130.2027
MinimumVisualStudioVersion = 10.0.40219.1
Project("{FAE04EC0-301F-11D3-BF4B-00C04F79EFBC}") = "T3 - 29", "T3 - 29\T3 - 29.csproj", "{57E0E3B5-0A75-4460-97E7-95315614F62F}"
EndProject
Global
	GlobalSection(SolutionConfigurationPlatforms) = preSolution
		Debug|Any CPU = Debug|Any CPU
		Release|Any CPU = Release|Any CPU
	EndGlobalSection
	GlobalSection(ProjectConfigurationPlatforms) = postSolution
		{57E0E3B5-0A75-4460-97E7-95315614F62F}.Debug|Any CPU.ActiveCfg = Debug|Any CPU
		{57E0E3B5-0A75-4460-97E7-95315614F62F}.Debug|Any CPU.Build.0 = Debug|Any CPU
		{57E0E3B5-0A75-4460-97E7-95315614F62F}.Release|Any CPU.ActiveCfg = Release|Any CPU
		{57E0E3B5-0A75-4460-97E7-95315614F62F}.Release|Any CPU.Build.0 = Release|Any CPU
	EndGlobalSection
	GlobalSection(SolutionProperties) = preSolution
		HideSolutionNode = FALSE
	EndGlobalSection
	GlobalSection(ExtensibilityGlobals) = postSolution
		SolutionGuid = {A3C97E2E-D8BB-40E8-99CA-8D78F55765D7}
	EndGlobalSection
EndGlobal
